# This file is @generated by PDM.
# It is not intended for manual editing.

[metadata]
groups = ["default"]
strategy = ["inherit_metadata"]
lock_version = "4.5.0"
content_hash = "sha256:092d7ca84480b159bda95abbbc3a5c893bbfc3068ac132872c64266b8b17115b"

[[metadata.targets]]
requires_python = ">=3.8"

[[package]]
name = "rclog"
version = "1.4.0"
requires_python = ">=3.8"
summary = "A wrapper for the logging module in python."
groups = ["default"]
files = [
    {file = "rclog-1.4.0-py3-none-any.whl", hash = "sha256:1885c1faa233c840494fa3e9f5a65e254188f4abf6cd1776dbc0a4c864c608e4"},
    {file = "rclog-1.4.0.tar.gz", hash = "sha256:533502408c040eb6b70dfa3b31c9d6afc5de0a36c624b0d832c827ea3974fca0"},
]
